{
    "_readme": [
        "This file locks the dependencies of your project to a known state",
        "Read more about it at http://getcomposer.org/doc/01-basic-usage.md#composer-lock-the-lock-file",
        "This file is @generated automatically"
    ],
    "hash": "74c68d23d6346610340e73d95dfd63f8",
    "packages": [],
    "packages-dev": [
        {
            "name": "arcturial/clickatell",
            "version": "2.0.0",
            "source": {
                "type": "git",
                "url": "https://github.com/arcturial/clickatell.git",
                "reference": "68b6a42c87f6c062673c980f04af4153d30eab30"
            },
            "dist": {
                "type": "zip",
                "url": "https://api.github.com/repos/arcturial/clickatell/zipball/68b6a42c87f6c062673c980f04af4153d30eab30",
                "reference": "68b6a42c87f6c062673c980f04af4153d30eab30",
                "shasum": ""
            },
            "require": {
                "php": ">=5.3.3"
            },
            "require-dev": {
                "phpunit/phpunit": "4.3.*"
            },
            "type": "library",
            "autoload": {
                "psr-4": {
                    "Clickatell\\": [
                        "src",
                        "test"
                    ]
                }
            },
            "notification-url": "https://packagist.org/downloads/",
            "license": [
                "GNU General Public License"
            ],
            "authors": [
                {
                    "name": "Chris Brand",
                    "email": "webmaster@cainsvault.com"
                }
            ],
            "description": "Standalone PHP library to integrate with the Clickatell SMS gateway",
            "homepage": "http://www.cainsvault.com",
            "time": "2014-12-29 18:04:47"
        },
        {
            "name": "guzzle/guzzle",
            "version": "v3.7.4",
            "source": {
                "type": "git",
                "url": "https://github.com/guzzle/guzzle.git",
                "reference": "b170b028c6bb5799640e46c8803015b0f9a45ed9"
            },
            "dist": {
                "type": "zip",
                "url": "https://api.github.com/repos/guzzle/guzzle/zipball/b170b028c6bb5799640e46c8803015b0f9a45ed9",
                "reference": "b170b028c6bb5799640e46c8803015b0f9a45ed9",
                "shasum": ""
            },
            "require": {
                "ext-curl": "*",
                "php": ">=5.3.3",
                "symfony/event-dispatcher": ">=2.1"
            },
            "replace": {
                "guzzle/batch": "self.version",
                "guzzle/cache": "self.version",
                "guzzle/common": "self.version",
                "guzzle/http": "self.version",
                "guzzle/inflection": "self.version",
                "guzzle/iterator": "self.version",
                "guzzle/log": "self.version",
                "guzzle/parser": "self.version",
                "guzzle/plugin": "self.version",
                "guzzle/plugin-async": "self.version",
                "guzzle/plugin-backoff": "self.version",
                "guzzle/plugin-cache": "self.version",
                "guzzle/plugin-cookie": "self.version",
                "guzzle/plugin-curlauth": "self.version",
                "guzzle/plugin-error-response": "self.version",
                "guzzle/plugin-history": "self.version",
                "guzzle/plugin-log": "self.version",
                "guzzle/plugin-md5": "self.version",
                "guzzle/plugin-mock": "self.version",
                "guzzle/plugin-oauth": "self.version",
                "guzzle/service": "self.version",
                "guzzle/stream": "self.version"
            },
            "require-dev": {
                "doctrine/cache": "*",
                "monolog/monolog": "1.*",
                "phpunit/phpunit": "3.7.*",
                "psr/log": "1.0.*",
                "symfony/class-loader": "*",
                "zendframework/zend-cache": "2.0.*",
                "zendframework/zend-log": "2.0.*"
            },
            "type": "library",
            "extra": {
                "branch-alias": {
                    "dev-master": "3.7-dev"
                }
            },
            "autoload": {
                "psr-0": {
                    "Guzzle\\Tests": "tests/",
                    "Guzzle": "src/"
                }
            },
            "notification-url": "https://packagist.org/downloads/",
            "license": [
                "MIT"
            ],
            "authors": [
                {
                    "name": "Michael Dowling",
                    "email": "mtdowling@gmail.com",
                    "homepage": "https://github.com/mtdowling"
                },
                {
                    "name": "Guzzle Community",
                    "homepage": "https://github.com/guzzle/guzzle/contributors"
                }
            ],
            "description": "Guzzle is a PHP HTTP client library and framework for building RESTful web service clients",
            "homepage": "http://guzzlephp.org/",
            "keywords": [
                "client",
                "curl",
                "framework",
                "http",
                "http client",
                "rest",
                "web service"
            ],
            "time": "2013-10-02 20:47:00"
        },
        {
            "name": "plivo/plivo-php",
            "version": "dev-master",
            "source": {
                "type": "git",
                "url": "https://github.com/hashtd/plivo-php.git",
                "reference": "158232c5d1657c90aa62aacc4f40e5dd38de0cde"
            },
            "dist": {
                "type": "zip",
                "url": "https://api.github.com/repos/hashtd/plivo-php/zipball/158232c5d1657c90aa62aacc4f40e5dd38de0cde",
                "reference": "158232c5d1657c90aa62aacc4f40e5dd38de0cde",
                "shasum": ""
            },
            "require": {
                "guzzle/guzzle": "3.7.*"
            },
            "type": "library",
            "autoload": {
                "classmap": [
                    "plivo.php"
                ]
            },
            "notification-url": "https://packagist.org/downloads/",
            "license": [
                "MIT"
            ],
            "authors": [
                {
                    "name": "Adam Homsi",
                    "email": "adam.homsi@gmail.com"
                }
            ],
            "description": "Plivo PHP Helper Library with Composer Support",
            "time": "2014-06-06 13:50:30"
        },
        {
            "name": "prawnsalad/nexmo",
            "version": "dev-master",
            "source": {
                "type": "git",
                "url": "https://github.com/prawnsalad/Nexmo-PHP-lib.git",
                "reference": "8e422c4f8f43c52acb70ebd5f9e7c6ff81a1f352"
            },
            "dist": {
                "type": "zip",
                "url": "https://api.github.com/repos/prawnsalad/Nexmo-PHP-lib/zipball/8e422c4f8f43c52acb70ebd5f9e7c6ff81a1f352",
                "reference": "8e422c4f8f43c52acb70ebd5f9e7c6ff81a1f352",
                "shasum": ""
            },
            "type": "library",
            "autoload": {
                "psr-4": {
                    "PrawnSalad\\Nexmo\\": [
                        "src"
                    ]
                }
            },
            "notification-url": "https://packagist.org/downloads/",
            "license": [
                "MIT"
            ],
            "description": "prawnsalad's Nexmo-PHP-lib",
            "homepage": "https://github.com/prawnsalad/Nexmo-PHP-lib",
            "keywords": [
                "nexmo"
            ],
            "time": "2014-06-05 08:28:03"
        },
        {
            "name": "symfony/event-dispatcher",
            "version": "dev-master",
            "target-dir": "Symfony/Component/EventDispatcher",
            "source": {
                "type": "git",
                "url": "https://github.com/symfony/EventDispatcher.git",
                "reference": "07708493abb5e2311b9257c1bf98de58e60fba3d"
            },
            "dist": {
                "type": "zip",
                "url": "https://api.github.com/repos/symfony/EventDispatcher/zipball/07708493abb5e2311b9257c1bf98de58e60fba3d",
                "reference": "07708493abb5e2311b9257c1bf98de58e60fba3d",
                "shasum": ""
            },
            "require": {
                "php": ">=5.5.9"
            },
            "require-dev": {
                "psr/log": "~1.0",
                "symfony/config": "~2.7|~3.0",
                "symfony/dependency-injection": "~2.7|~3.0",
                "symfony/expression-language": "~2.7|~3.0",
                "symfony/stopwatch": "~2.7|~3.0"
            },
            "suggest": {
                "symfony/dependency-injection": "",
                "symfony/http-kernel": ""
            },
            "type": "library",
            "extra": {
                "branch-alias": {
                    "dev-master": "3.0-dev"
                }
            },
            "autoload": {
                "psr-0": {
                    "Symfony\\Component\\EventDispatcher\\": ""
                }
            },
            "notification-url": "https://packagist.org/downloads/",
            "license": [
                "MIT"
            ],
            "authors": [
                {
                    "name": "Symfony Community",
                    "homepage": "http://symfony.com/contributors"
                },
                {
                    "name": "Fabien Potencier",
                    "email": "fabien@symfony.com"
                }
            ],
            "description": "Symfony EventDispatcher Component",
            "homepage": "http://symfony.com",
            "time": "2015-02-12 08:47:54"
        },
        {
            "name": "twilio/sdk",
            "version": "3.12.8",
            "source": {
                "type": "git",
                "url": "https://github.com/twilio/twilio-php.git",
                "reference": "9d8bb7dad58dc52fc4cbc1f0e905950ad839ca73"
            },
            "dist": {
                "type": "zip",
                "url": "https://api.github.com/repos/twilio/twilio-php/zipball/9d8bb7dad58dc52fc4cbc1f0e905950ad839ca73",
                "reference": "9d8bb7dad58dc52fc4cbc1f0e905950ad839ca73",
                "shasum": ""
            },
            "require": {
                "php": ">=5.2.1"
            },
            "require-dev": {
                "mockery/mockery": ">=0.7.2",
                "phpunit/phpunit": "3.7.*"
            },
            "type": "library",
            "autoload": {
                "psr-0": {
                    "Services_Twilio": ""
                }
            },
            "notification-url": "https://packagist.org/downloads/",
            "license": [
                "MIT"
            ],
            "authors": [
                {
                    "name": "Kevin Burke",
                    "email": "kevin@twilio.com"
                },
                {
                    "name": "Kyle Conroy",
                    "email": "kyle+pear@twilio.com"
                }
            ],
            "description": "A PHP wrapper for Twilio's API",
            "homepage": "http://github.com/twilio/twilio-php",
            "keywords": [
                "api",
                "sms",
                "twilio"
            ],
            "time": "2014-12-04 19:17:59"
        }
    ],
    "aliases": [],
    "minimum-stability": "dev",
    "stability-flags": {
        "prawnsalad/nexmo": 20,
        "plivo/plivo-php": 20
    },
    "prefer-stable": false,
    "prefer-lowest": false,
    "platform": {
        "php": ">=5.3.2"
    },
    "platform-dev": []
}
